
Microsoft Visual Studio Solution File, Format Version 12.00
# Visual Studio Version 17
VisualStudioVersion = 17.4.33122.133
MinimumVisualStudioVersion = 10.0.40219.1
Project("{FAE04EC0-301F-11D3-BF4B-00C04F79EFBC}") = "Employee-Record", "Employee-Record.csproj", "{297F1E87-7B0E-4EB8-9EF7-0542748AA224}"
EndProject
Global
	GlobalSection(SolutionConfigurationPlatforms) = preSolution
		Debug|Any CPU = Debug|Any CPU
		Release|Any CPU = Release|Any CPU
	EndGlobalSection
	GlobalSection(ProjectConfigurationPlatforms) = postSolution
		{297F1E87-7B0E-4EB8-9EF7-0542748AA224}.Debug|Any CPU.ActiveCfg = Debug|Any CPU
		{297F1E87-7B0E-4EB8-9EF7-0542748AA224}.Debug|Any CPU.Build.0 = Debug|Any CPU
		{297F1E87-7B0E-4EB8-9EF7-0542748AA224}.Release|Any CPU.ActiveCfg = Release|Any CPU
		{297F1E87-7B0E-4EB8-9EF7-0542748AA224}.Release|Any CPU.Build.0 = Release|Any CPU
	EndGlobalSection
	GlobalSection(SolutionProperties) = preSolution
		HideSolutionNode = FALSE
	EndGlobalSection
	GlobalSection(ExtensibilityGlobals) = postSolution
		SolutionGuid = {4F23DDA9-9F65-450C-88EA-EEA434D8089C}
	EndGlobalSection
EndGlobal
